// !$*UTF8*$!
{
	archiveVersion = 1;
	classes = {
	};
	objectVersion = 46;
	objects = {

/* Begin PBXBuildFile section */
		2A5D32631D78A6BA007CA329 /* AppDelegate.swift in Sources */ = {isa = PBXBuildFile; fileRef = 2A5D32621D78A6BA007CA329 /* AppDelegate.swift */; };
		2A5D32651D78A6BA007CA329 /* ViewController.swift in Sources */ = {isa = PBXBuildFile; fileRef = 2A5D32641D78A6BA007CA329 /* ViewController.swift */; };
		2A5D32681D78A6BA007CA329 /* Main.storyboard in Resources */ = {isa = PBXBuildFile; fileRef = 2A5D32661D78A6BA007CA329 /* Main.storyboard */; };
		2A5D326A1D78A6BA007CA329 /* Assets.xcassets in Resources */ = {isa = PBXBuildFile; fileRef = 2A5D32691D78A6BA007CA329 /* Assets.xcassets */; };
		2A5D326D1D78A6BA007CA329 /* LaunchScreen.storyboard in Resources */ = {isa = PBXBuildFile; fileRef = 2A5D326B1D78A6BA007CA329 /* LaunchScreen.storyboard */; };
/* End PBXBuildFile section */

/* Begin PBXFileReference section */
		2A5D325F1D78A6BA007CA329 /* cellRegistration.app */ = {isa = PBXFileReference; explicitFileType = wrapper.application; includeInIndex = 0; path = cellRegistration.app; sourceTree = BUILT_PRODUCTS_DIR; };
		2A5D32621D78A6BA007CA329 /* AppDelegate.swift */ = {isa = PBXFileReference; lastKnownFileType = sourcecode.swift; path = AppDelegate.swift; sourceTree = "<group>"; };
		2A5D32641D78A6BA007CA329 /* ViewController.swift */ = {isa = PBXFileReference; lastKnownFileType = sourcecode.swift; path = ViewController.swift; sourceTree = "<group>"; };
		2A5D32671D78A6BA007CA329 /* Base */ = {isa = PBXFileReference; lastKnownFileType = file.storyboard; name = Base; path = Base.lproj/Main.storyboard; sourceTree = "<group>"; };
		2A5D32691D78A6BA007CA329 /* Assets.xcassets */ = {isa = PBXFileReference; lastKnownFileType = folder.assetcatalog; path = Assets.xcassets; sourceTree = "<group>"; };
		2A5D326C1D78A6BA007CA329 /* Base */ = {isa = PBXFileReference; lastKnownFileType = file.storyboard; name = Base; path = Base.lproj/LaunchScreen.storyboard; sourceTree = "<group>"; };
		2A5D326E1D78A6BA007CA329 /* Info.plist */ = {isa = PBXFileReference; lastKnownFileType = text.plist.xml; path = Info.plist; sourceTree = "<group>"; };
/* End PBXFileReference section */

/* Begin PBXFrameworksBuildPhase section */
		2A5D325C1D78A6BA007CA329 /* Frameworks */ = {
			isa = PBXFrameworksBuildPhase;
			buildActionMask = 2147483647;
			files = (
			);
			runOnlyForDeploymentPostprocessing = 0;
		};
/* End PBXFrameworksBuildPhase section */

/* Begin PBXGroup section */
		2A5D32561D78A6BA007CA329 = {
			isa = PBXGroup;
			children = (
				2A5D32611D78A6BA007CA329 /* cellRegistration */,
				2A5D32601D78A6BA007CA329 /* Products */,
			);
			sourceTree = "<group>";
		};
		2A5D32601D78A6BA007CA329 /* Products */ = {
			isa = PBXGroup;
			children = (
				2A5D325F1D78A6BA007CA329 /* cellRegistration.app */,
			);
			name = Products;
			sourceTree = "<group>";
		};
		2A5D32611D78A6BA007CA329 /* cellRegistration */ = {
			isa = PBXGroup;
			children = (
				2A5D32621D78A6BA007CA329 /* AppDelegate.swift */,
				2A5D32641D78A6BA007CA329 /* ViewController.swift */,
				2A5D32661D78A6BA007CA329 /* Main.storyboard */,
				2A5D32691D78A6BA007CA329 /* Assets.xcassets */,
				2A5D326B1D78A6BA007CA329 /* LaunchScreen.storyboard */,
				2A5D326E1D78A6BA007CA329 /* Info.plist */,
			);
			path = cellRegistration;
			sourceTree = "<group>";
		};
/* End PBXGroup section */

/* Begin PBXNativeTarget section */
		2A5D325E1D78A6BA007CA329 /* cellRegistration */ = {
			isa = PBXNativeTarget;
			buildConfigurationList = 2A5D32711D78A6BA007CA329 /* Build configuration list for PBXNativeTarget "cellRegistration" */;
			buildPhases = (
				2A5D325B1D78A6BA007CA329 /* Sources */,
				2A5D325C1D78A6BA007CA329 /* Frameworks */,
				2A5D325D1D78A6BA007CA329 /* Resources */,
			);
			buildRules = (
			);
			dependencies = (
			);
			name = cellRegistration;
			productName = cellRegistration;
			productReference = 2A5D325F1D78A6BA007CA329 /* cellRegistration.app */;
			productType = "com.apple.product-type.application";
		};
/* End PBXNativeTarget section */

/* Begin PBXProject section */
		2A5D32571D78A6BA007CA329 /* Project object */ = {
			isa = PBXProject;
			attributes = {
				LastSwiftUpdateCheck = 0730;
				LastUpgradeCheck = 0730;
				ORGANIZATIONNAME = MoBeer;
				TargetAttributes = {
					2A5D325E1D78A6BA007CA329 = {
						CreatedOnToolsVersion = 7.3.1;
					};
				};
			};
			buildConfigurationList = 2A5D325A1D78A6BA007CA329 /* Build configuration list for PBXProject "cellRegistration" */;
			compatibilityVersion = "Xcode 3.2";
			developmentRegion = English;
			hasScannedForEncodings = 0;
			knownRegions = (
				en,
				Base,
			);
			mainGroup = 2A5D32561D78A6BA007CA329;
			productRefGroup = 2A5D32601D78A6BA007CA329 /* Products */;
			projectDirPath = "";
			projectRoot = "";
			targets = (
				2A5D325E1D78A6BA007CA329 /* cellRegistration */,
			);
		};
/* End PBXProject section */

/* Begin PBXResourcesBuildPhase section */
		2A5D325D1D78A6BA007CA329 /* Resources */ = {
			isa = PBXResourcesBuildPhase;
			buildActionMask = 2147483647;
			files = (
				2A5D326D1D78A6BA007CA329 /* LaunchScreen.storyboard in Resources */,
				2A5D326A1D78A6BA007CA329 /* Assets.xcassets in Resources */,
				2A5D32681D78A6BA007CA329 /* Main.storyboard in Resources */,
			);
			runOnlyForDeploymentPostprocessing = 0;
		};
/* End PBXResourcesBuildPhase section */

/* Begin PBXSourcesBuildPhase section */
		2A5D325B1D78A6BA007CA329 /* Sources */ = {
			isa = PBXSourcesBuildPhase;
			buildActionMask = 2147483647;
			files = (
				2A5D32651D78A6BA007CA329 /* ViewController.swift in Sources */,
				2A5D32631D78A6BA007CA329 /* AppDelegate.swift in Sources */,
			);
			runOnlyForDeploymentPostprocessing = 0;
		};
/* End PBXSourcesBuildPhase section */

/* Begin PBXVariantGroup section */
		2A5D32661D78A6BA007CA329 /* Main.storyboard */ = {
			isa = PBXVariantGroup;
			children = (
				2A5D32671D78A6BA007CA329 /* Base */,
			);
			name = Main.storyboard;
			sourceTree = "<group>";
		};
		2A5D326B1D78A6BA007CA329 /* LaunchScreen.storyboard */ = {
			isa = PBXVariantGroup;
			children = (
				2A5D326C1D78A6BA007CA329 /* Base */,
			);
			name = LaunchScreen.storyboard;
			sourceTree = "<group>";
		};
/* End PBXVariantGroup section */

/* Begin XCBuildConfiguration section */
		2A5D326F1D78A6BA007CA329 /* Debug */ = {
			isa = XCBuildConfiguration;
			buildSettings = {
				ALWAYS_SEARCH_USER_PATHS = NO;
				CLANG_ANALYZER_NONNULL = YES;
				CLANG_CXX_LANGUAGE_STANDARD = "gnu++0x";
				CLANG_CXX_LIBRARY = "libc++";
				CLANG_ENABLE_MODULES = YES;
				CLANG_ENABLE_OBJC_ARC = YES;
				CLANG_WARN_BOOL_CONVERSION = YES;
				CLANG_WARN_CONSTANT_CONVERSION = YES;
				CLANG_WARN_DIRECT_OBJC_ISA_USAGE = YES_ERROR;
				CLANG_WARN_EMPTY_BODY = YES;
				CLANG_WARN_ENUM_CONVERSION = YES;
				CLANG_WARN_INT_CONVERSION = YES;
				CLANG_WARN_OBJC_ROOT_CLASS = YES_ERROR;
				CLANG_WARN_UNREACHABLE_CODE = YES;
				CLANG_WARN__DUPLICATE_METHOD_MATCH = YES;
				"CODE_SIGN_IDENTITY[sdk=iphoneos*]" = "iPhone Developer";
				COPY_PHASE_STRIP = NO;
				DEBUG_INFORMATION_FORMAT = dwarf;
				ENABLE_STRICT_OBJC_MSGSEND = YES;
				ENABLE_TESTABILITY = YES;
				GCC_C_LANGUAGE_STANDARD = gnu99;
				GCC_DYNAMIC_NO_PIC = NO;
				GCC_NO_COMMON_BLOCKS = YES;
				GCC_OPTIMIZATION_LEVEL = 0;
				GCC_PREPROCESSOR_DEFINITIONS = (
					"DEBUG=1",
					"$(inherited)",
				);
				GCC_WARN_64_TO_32_BIT_CONVERSION = YES;
				GCC_WARN_ABOUT_RETURN_TYPE = YES_ERROR;
				GCC_WARN_UNDECLARED_SELECTOR = YES;
				GCC_WARN_UNINITIALIZED_AUTOS = YES_AGGRESSIVE;
				GCC_WARN_UNUSED_FUNCTION = YES;
				GCC_WARN_UNUSED_VARIABLE = YES;
				IPHONEOS_DEPLOYMENT_TARGET = 9.3;
				MTL_ENABLE_DEBUG_INFO = YES;
				ONLY_ACTIVE_ARCH = YES;
				SDKROOT = iphoneos;
				SWIFT_OPTIMIZATION_LEVEL = "-Onone";
			};
			name = Debug;
		};
		2A5D32701D78A6BA007CA329 /* Release */ = {
			isa = XCBuildConfiguration;
			buildSettings = {
				ALWAYS_SEARCH_USER_PATHS = NO;
				CLANG_ANALYZER_NONNULL = YES;
				CLANG_CXX_LANGUAGE_STANDARD = "gnu++0x";
				CLANG_CXX_LIBRARY = "libc++";
				CLANG_ENABLE_MODULES = YES;
				CLANG_ENABLE_OBJC_ARC = YES;
				CLANG_WARN_BOOL_CONVERSION = YES;
				CLANG_WARN_CONSTANT_CONVERSION = YES;
				CLANG_WARN_DIRECT_OBJC_ISA_USAGE = YES_ERROR;
				CLANG_WARN_EMPTY_BODY = YES;
				CLANG_WARN_ENUM_CONVERSION = YES;
				CLANG_WARN_INT_CONVERSION = YES;
				CLANG_WARN_OBJC_ROOT_CLASS = YES_ERROR;
				CLANG_WARN_UNREACHABLE_CODE = YES;
				CLANG_WARN__DUPLICATE_METHOD_MATCH = YES;
				"CODE_SIGN_IDENTITY[sdk=iphoneos*]" = "iPhone Developer";
				COPY_PHASE_STRIP = NO;
				DEBUG_INFORMATION_FORMAT = "dwarf-with-dsym";
				ENABLE_NS_ASSERTIONS = NO;
				ENABLE_STRICT_OBJC_MSGSEND = YES;
				GCC_C_LANGUAGE_STANDARD = gnu99;
				GCC_NO_COMMON_BLOCKS = YES;
				GCC_WARN_64_TO_32_BIT_CONVERSION = YES;
				GCC_WARN_ABOUT_RETURN_TYPE = YES_ERROR;
				GCC_WARN_UNDECLARED_SELECTOR = YES;
				GCC_WARN_UNINITIALIZED_AUTOS = YES_AGGRESSIVE;
				GCC_WARN_UNUSED_FUNCTION = YES;
				GCC_WARN_UNUSED_VARIABLE = YES;
				IPHONEOS_DEPLOYMENT_TARGET = 9.3;
				MTL_ENABLE_DEBUG_INFO = NO;
				SDKROOT = iphoneos;
				VALIDATE_PRODUCT = YES;
			};
			name = Release;
		};
		2A5D32721D78A6BA007CA329 /* Debug */ = {
			isa = XCBuildConfiguration;
			buildSettings = {
				ASSETCATALOG_COMPILER_APPICON_NAME = AppIcon;
				INFOPLIST_FILE = cellRegistration/Info.plist;
				LD_RUNPATH_SEARCH_PATHS = "$(inherited) @executable_path/Frameworks";
				PRODUCT_BUNDLE_IDENTIFIER = br.com.cellRegistration;
				PRODUCT_NAME = "$(TARGET_NAME)";
			};
			name = Debug;
		};
		2A5D32731D78A6BA007CA329 /* Release */ = {
			isa = XCBuildConfiguration;
			buildSettings = {
				ASSETCATALOG_COMPILER_APPICON_NAME = AppIcon;
				INFOPLIST_FILE = cellRegistration/Info.plist;
				LD_RUNPATH_SEARCH_PATHS = "$(inherited) @executable_path/Frameworks";
				PRODUCT_BUNDLE_IDENTIFIER = br.com.cellRegistration;
				PRODUCT_NAME = "$(TARGET_NAME)";
			};
			name = Release;
		};
/* End XCBuildConfiguration section */

/* Begin XCConfigurationList section */
		2A5D325A1D78A6BA007CA329 /* Build configuration list for PBXProject "cellRegistration" */ = {
			isa = XCConfigurationList;
			buildConfigurations = (
				2A5D326F1D78A6BA007CA329 /* Debug */,
				2A5D32701D78A6BA007CA329 /* Release */,
			);
			defaultConfigurationIsVisible = 0;
			defaultConfigurationName = Release;
		};
		2A5D32711D78A6BA007CA329 /* Build configuration list for PBXNativeTarget "cellRegistration" */ = {
			isa = XCConfigurationList;
			buildConfigurations = (
				2A5D32721D78A6BA007CA329 /* Debug */,
				2A5D32731D78A6BA007CA329 /* Release */,
			);
			defaultConfigurationIsVisible = 0;
		};
/* End XCConfigurationList section */
	};
	rootObject = 2A5D32571D78A6BA007CA329 /* Project object */;
}
